
Microsoft Visual Studio Solution File, Format Version 12.00
# Visual Studio Version 17
VisualStudioVersion = 17.9.34701.34
MinimumVisualStudioVersion = 10.0.40219.1
Project("{FAE04EC0-301F-11D3-BF4B-00C04F79EFBC}") = "SshNet.IonicZlib", "src\SshNet.IonicZlib\SshNet.IonicZlib.csproj", "{05030521-0E0B-4C90-AD0D-B9E1E893B83B}"
EndProject
Global
	GlobalSection(SolutionConfigurationPlatforms) = preSolution
		Debug|Any CPU = Debug|Any CPU
		Release|Any CPU = Release|Any CPU
	EndGlobalSection
	GlobalSection(ProjectConfigurationPlatforms) = postSolution
		{05030521-0E0B-4C90-AD0D-B9E1E893B83B}.Debug|Any CPU.ActiveCfg = Debug|Any CPU
		{05030521-0E0B-4C90-AD0D-B9E1E893B83B}.Debug|Any CPU.Build.0 = Debug|Any CPU
		{05030521-0E0B-4C90-AD0D-B9E1E893B83B}.Release|Any CPU.ActiveCfg = Release|Any CPU
		{05030521-0E0B-4C90-AD0D-B9E1E893B83B}.Release|Any CPU.Build.0 = Release|Any CPU
	EndGlobalSection
	GlobalSection(SolutionProperties) = preSolution
		HideSolutionNode = FALSE
	EndGlobalSection
	GlobalSection(ExtensibilityGlobals) = postSolution
		SolutionGuid = {5744A58F-3DC0-4C74-91D6-EAF16E71CB09}
	EndGlobalSection
EndGlobal
