
Microsoft Visual Studio Solution File, Format Version 12.00
# Visual Studio Version 17
VisualStudioVersion = 17.9.34701.34
MinimumVisualStudioVersion = 10.0.40219.1
Project("{2150E333-8FDC-42A3-9474-1A3956D46DE8}") = "Solution Items", "Solution Items", "{250ADE17-BADF-4789-A1D0-E41BA358117D}"
	ProjectSection(SolutionItems) = preProject
		appveyor.yml = appveyor.yml
		README.md = README.md
	EndProjectSection
EndProject
Project("{9A19103F-16F7-4668-BE54-9A1E7A4F7556}") = "SshNet.IonicZlib", "src\SshNet.IonicZlib\SshNet.IonicZlib.csproj", "{05030521-0E0B-4C90-AD0D-B9E1E893B83B}"
EndProject
Project("{FAE04EC0-301F-11D3-BF4B-00C04F79EFBC}") = "SshNet.IonicZlib.IntegrationTests", "src\SshNet.IonicZlib.IntegrationTests\SshNet.IonicZlib.IntegrationTests.csproj", "{03750C30-CFE4-4B8C-8B6C-2C3B74D055BA}"
EndProject
Global
	GlobalSection(SolutionConfigurationPlatforms) = preSolution
		Debug|Any CPU = Debug|Any CPU
		Release|Any CPU = Release|Any CPU
	EndGlobalSection
	GlobalSection(ProjectConfigurationPlatforms) = postSolution
		{05030521-0E0B-4C90-AD0D-B9E1E893B83B}.Debug|Any CPU.ActiveCfg = Debug|Any CPU
		{05030521-0E0B-4C90-AD0D-B9E1E893B83B}.Debug|Any CPU.Build.0 = Debug|Any CPU
		{05030521-0E0B-4C90-AD0D-B9E1E893B83B}.Release|Any CPU.ActiveCfg = Release|Any CPU
		{05030521-0E0B-4C90-AD0D-B9E1E893B83B}.Release|Any CPU.Build.0 = Release|Any CPU
		{03750C30-CFE4-4B8C-8B6C-2C3B74D055BA}.Debug|Any CPU.ActiveCfg = Debug|Any CPU
		{03750C30-CFE4-4B8C-8B6C-2C3B74D055BA}.Debug|Any CPU.Build.0 = Debug|Any CPU
		{03750C30-CFE4-4B8C-8B6C-2C3B74D055BA}.Release|Any CPU.ActiveCfg = Release|Any CPU
		{03750C30-CFE4-4B8C-8B6C-2C3B74D055BA}.Release|Any CPU.Build.0 = Release|Any CPU
	EndGlobalSection
	GlobalSection(SolutionProperties) = preSolution
		HideSolutionNode = FALSE
	EndGlobalSection
	GlobalSection(ExtensibilityGlobals) = postSolution
		SolutionGuid = {5744A58F-3DC0-4C74-91D6-EAF16E71CB09}
	EndGlobalSection
EndGlobal
